// !$*UTF8*$!
{
	archiveVersion = 1;
	classes = {
	};
	objectVersion = 48;
	objects = {

/* Begin PBXBuildFile section */
		0C4DE67324DF45CB2A335BBF /* Pods_smackUITests.framework in Frameworks */ = {isa = PBXBuildFile; fileRef = 586654493FE2C522E9805BEE /* Pods_smackUITests.framework */; };
		30190D7D1F3F484200034DBC /* Channel.swift in Sources */ = {isa = PBXBuildFile; fileRef = 30190D7C1F3F484200034DBC /* Channel.swift */; };
		30190D7F1F3F484F00034DBC /* Chat.swift in Sources */ = {isa = PBXBuildFile; fileRef = 30190D7E1F3F484F00034DBC /* Chat.swift */; };
		30190D811F3F488F00034DBC /* Account.swift in Sources */ = {isa = PBXBuildFile; fileRef = 30190D801F3F488F00034DBC /* Account.swift */; };
		30190D831F3F48E900034DBC /* AvatarVC.swift in Sources */ = {isa = PBXBuildFile; fileRef = 30190D821F3F48E900034DBC /* AvatarVC.swift */; };
		3087B97E1F3CB87100E99EC8 /* AppDelegate.swift in Sources */ = {isa = PBXBuildFile; fileRef = 3087B97D1F3CB87100E99EC8 /* AppDelegate.swift */; };
		3087B9831F3CB87100E99EC8 /* Main.storyboard in Resources */ = {isa = PBXBuildFile; fileRef = 3087B9811F3CB87100E99EC8 /* Main.storyboard */; };
		3087B9851F3CB87100E99EC8 /* Assets.xcassets in Resources */ = {isa = PBXBuildFile; fileRef = 3087B9841F3CB87100E99EC8 /* Assets.xcassets */; };
		3087B9881F3CB87100E99EC8 /* LaunchScreen.storyboard in Resources */ = {isa = PBXBuildFile; fileRef = 3087B9861F3CB87100E99EC8 /* LaunchScreen.storyboard */; };
		3087B9931F3CB87100E99EC8 /* smackTests.swift in Sources */ = {isa = PBXBuildFile; fileRef = 3087B9921F3CB87100E99EC8 /* smackTests.swift */; };
		3087B99E1F3CB87100E99EC8 /* smackUITests.swift in Sources */ = {isa = PBXBuildFile; fileRef = 3087B99D1F3CB87100E99EC8 /* smackUITests.swift */; };
		3087B9B31F3CC3D000E99EC8 /* ChatVC.swift in Sources */ = {isa = PBXBuildFile; fileRef = 3087B9B21F3CC3D000E99EC8 /* ChatVC.swift */; };
		3087B9B51F3CC3DD00E99EC8 /* ChannelVC.swift in Sources */ = {isa = PBXBuildFile; fileRef = 3087B9B41F3CC3DD00E99EC8 /* ChannelVC.swift */; };
		3087B9B61F3EBAEC00E99EC8 /* SWRevealViewController.m in Sources */ = {isa = PBXBuildFile; fileRef = 3087B9B11F3CB93600E99EC8 /* SWRevealViewController.m */; };
		3087B9B81F3EC93800E99EC8 /* GradientView.swift in Sources */ = {isa = PBXBuildFile; fileRef = 3087B9B71F3EC93800E99EC8 /* GradientView.swift */; };
		30AA895C1F4875FC0042B7DE /* AuthService.swift in Sources */ = {isa = PBXBuildFile; fileRef = 30AA895B1F4875FC0042B7DE /* AuthService.swift */; };
		30AA895E1F48A3C80042B7DE /* DismissKeyboard.swift in Sources */ = {isa = PBXBuildFile; fileRef = 30AA895D1F48A3C80042B7DE /* DismissKeyboard.swift */; };
		30F3E2B21F3F1886002AEC99 /* LoginVC.swift in Sources */ = {isa = PBXBuildFile; fileRef = 30F3E2B11F3F1886002AEC99 /* LoginVC.swift */; };
		30F3E2B51F3F1C92002AEC99 /* Constants.swift in Sources */ = {isa = PBXBuildFile; fileRef = 30F3E2B41F3F1C92002AEC99 /* Constants.swift */; };
		30F3E2B71F3F2030002AEC99 /* RegisterVC.swift in Sources */ = {isa = PBXBuildFile; fileRef = 30F3E2B61F3F2030002AEC99 /* RegisterVC.swift */; };
		30F3E2B91F3F286A002AEC99 /* SmackBtn.swift in Sources */ = {isa = PBXBuildFile; fileRef = 30F3E2B81F3F286A002AEC99 /* SmackBtn.swift */; };
		30F3E2BB1F3F2ADF002AEC99 /* SmackTextField.swift in Sources */ = {isa = PBXBuildFile; fileRef = 30F3E2BA1F3F2ADF002AEC99 /* SmackTextField.swift */; };
		30F6556C1F3FF6A20050CA60 /* DataService.swift in Sources */ = {isa = PBXBuildFile; fileRef = 30F6556B1F3FF6A20050CA60 /* DataService.swift */; };
		30F655721F3FFB5E0050CA60 /* AvatarCell.swift in Sources */ = {isa = PBXBuildFile; fileRef = 30F655711F3FFB5E0050CA60 /* AvatarCell.swift */; };
		30F655741F3FFB6F0050CA60 /* ChatCell.swift in Sources */ = {isa = PBXBuildFile; fileRef = 30F655731F3FFB6F0050CA60 /* ChatCell.swift */; };
		30F655761F3FFC3E0050CA60 /* Avatar.swift in Sources */ = {isa = PBXBuildFile; fileRef = 30F655751F3FFC3E0050CA60 /* Avatar.swift */; };
		5DA403F97637599411EDB1CB /* Pods_smack.framework in Frameworks */ = {isa = PBXBuildFile; fileRef = FC43FD402CB0B948B599F471 /* Pods_smack.framework */; };
		C381989DBCC421AD6B3BBE77 /* Pods_smackTests.framework in Frameworks */ = {isa = PBXBuildFile; fileRef = F5655F44918D001690DDCB34 /* Pods_smackTests.framework */; };
/* End PBXBuildFile section */

/* Begin PBXContainerItemProxy section */
		3087B98F1F3CB87100E99EC8 /* PBXContainerItemProxy */ = {
			isa = PBXContainerItemProxy;
			containerPortal = 3087B9721F3CB87100E99EC8 /* Project object */;
			proxyType = 1;
			remoteGlobalIDString = 3087B9791F3CB87100E99EC8;
			remoteInfo = smack;
		};
		3087B99A1F3CB87100E99EC8 /* PBXContainerItemProxy */ = {
			isa = PBXContainerItemProxy;
			containerPortal = 3087B9721F3CB87100E99EC8 /* Project object */;
			proxyType = 1;
			remoteGlobalIDString = 3087B9791F3CB87100E99EC8;
			remoteInfo = smack;
		};
/* End PBXContainerItemProxy section */

/* Begin PBXFileReference section */
		2237D3A797546A0C15E01F78 /* Pods-smackTests.debug.xcconfig */ = {isa = PBXFileReference; includeInIndex = 1; lastKnownFileType = text.xcconfig; name = "Pods-smackTests.debug.xcconfig"; path = "Pods/Target Support Files/Pods-smackTests/Pods-smackTests.debug.xcconfig"; sourceTree = "<group>"; };
		225AD5D5EE2ED47E7F87D9B1 /* Pods-smack.release.xcconfig */ = {isa = PBXFileReference; includeInIndex = 1; lastKnownFileType = text.xcconfig; name = "Pods-smack.release.xcconfig"; path = "Pods/Target Support Files/Pods-smack/Pods-smack.release.xcconfig"; sourceTree = "<group>"; };
		2D94D86EFB377694461FBEF1 /* Pods-smackTests.release.xcconfig */ = {isa = PBXFileReference; includeInIndex = 1; lastKnownFileType = text.xcconfig; name = "Pods-smackTests.release.xcconfig"; path = "Pods/Target Support Files/Pods-smackTests/Pods-smackTests.release.xcconfig"; sourceTree = "<group>"; };
		30190D7C1F3F484200034DBC /* Channel.swift */ = {isa = PBXFileReference; lastKnownFileType = sourcecode.swift; path = Channel.swift; sourceTree = "<group>"; };
		30190D7E1F3F484F00034DBC /* Chat.swift */ = {isa = PBXFileReference; lastKnownFileType = sourcecode.swift; path = Chat.swift; sourceTree = "<group>"; };
		30190D801F3F488F00034DBC /* Account.swift */ = {isa = PBXFileReference; lastKnownFileType = sourcecode.swift; path = Account.swift; sourceTree = "<group>"; };
		30190D821F3F48E900034DBC /* AvatarVC.swift */ = {isa = PBXFileReference; lastKnownFileType = sourcecode.swift; path = AvatarVC.swift; sourceTree = "<group>"; };
		3087B97A1F3CB87100E99EC8 /* smack.app */ = {isa = PBXFileReference; explicitFileType = wrapper.application; includeInIndex = 0; path = smack.app; sourceTree = BUILT_PRODUCTS_DIR; };
		3087B97D1F3CB87100E99EC8 /* AppDelegate.swift */ = {isa = PBXFileReference; lastKnownFileType = sourcecode.swift; path = AppDelegate.swift; sourceTree = "<group>"; };
		3087B9821F3CB87100E99EC8 /* Base */ = {isa = PBXFileReference; lastKnownFileType = file.storyboard; name = Base; path = Base.lproj/Main.storyboard; sourceTree = "<group>"; };
		3087B9841F3CB87100E99EC8 /* Assets.xcassets */ = {isa = PBXFileReference; lastKnownFileType = folder.assetcatalog; path = Assets.xcassets; sourceTree = "<group>"; };
		3087B9871F3CB87100E99EC8 /* Base */ = {isa = PBXFileReference; lastKnownFileType = file.storyboard; name = Base; path = Base.lproj/LaunchScreen.storyboard; sourceTree = "<group>"; };
		3087B9891F3CB87100E99EC8 /* Info.plist */ = {isa = PBXFileReference; lastKnownFileType = text.plist.xml; path = Info.plist; sourceTree = "<group>"; };
		3087B98E1F3CB87100E99EC8 /* smackTests.xctest */ = {isa = PBXFileReference; explicitFileType = wrapper.cfbundle; includeInIndex = 0; path = smackTests.xctest; sourceTree = BUILT_PRODUCTS_DIR; };
		3087B9921F3CB87100E99EC8 /* smackTests.swift */ = {isa = PBXFileReference; lastKnownFileType = sourcecode.swift; path = smackTests.swift; sourceTree = "<group>"; };
		3087B9941F3CB87100E99EC8 /* Info.plist */ = {isa = PBXFileReference; lastKnownFileType = text.plist.xml; path = Info.plist; sourceTree = "<group>"; };
		3087B9991F3CB87100E99EC8 /* smackUITests.xctest */ = {isa = PBXFileReference; explicitFileType = wrapper.cfbundle; includeInIndex = 0; path = smackUITests.xctest; sourceTree = BUILT_PRODUCTS_DIR; };
		3087B99D1F3CB87100E99EC8 /* smackUITests.swift */ = {isa = PBXFileReference; lastKnownFileType = sourcecode.swift; path = smackUITests.swift; sourceTree = "<group>"; };
		3087B99F1F3CB87100E99EC8 /* Info.plist */ = {isa = PBXFileReference; lastKnownFileType = text.plist.xml; path = Info.plist; sourceTree = "<group>"; };
		3087B9AF1F3CB93500E99EC8 /* smack-Bridging-Header.h */ = {isa = PBXFileReference; lastKnownFileType = sourcecode.c.h; path = "smack-Bridging-Header.h"; sourceTree = "<group>"; };
		3087B9B01F3CB93600E99EC8 /* SWRevealViewController.h */ = {isa = PBXFileReference; lastKnownFileType = sourcecode.c.h; path = SWRevealViewController.h; sourceTree = "<group>"; };
		3087B9B11F3CB93600E99EC8 /* SWRevealViewController.m */ = {isa = PBXFileReference; lastKnownFileType = sourcecode.c.objc; path = SWRevealViewController.m; sourceTree = "<group>"; };
		3087B9B21F3CC3D000E99EC8 /* ChatVC.swift */ = {isa = PBXFileReference; lastKnownFileType = sourcecode.swift; path = ChatVC.swift; sourceTree = "<group>"; };
		3087B9B41F3CC3DD00E99EC8 /* ChannelVC.swift */ = {isa = PBXFileReference; lastKnownFileType = sourcecode.swift; path = ChannelVC.swift; sourceTree = "<group>"; };
		3087B9B71F3EC93800E99EC8 /* GradientView.swift */ = {isa = PBXFileReference; lastKnownFileType = sourcecode.swift; path = GradientView.swift; sourceTree = "<group>"; };
		30AA895B1F4875FC0042B7DE /* AuthService.swift */ = {isa = PBXFileReference; lastKnownFileType = sourcecode.swift; path = AuthService.swift; sourceTree = "<group>"; };
		30AA895D1F48A3C80042B7DE /* DismissKeyboard.swift */ = {isa = PBXFileReference; lastKnownFileType = sourcecode.swift; path = DismissKeyboard.swift; sourceTree = "<group>"; };
		30F3E2B11F3F1886002AEC99 /* LoginVC.swift */ = {isa = PBXFileReference; lastKnownFileType = sourcecode.swift; path = LoginVC.swift; sourceTree = "<group>"; };
		30F3E2B41F3F1C92002AEC99 /* Constants.swift */ = {isa = PBXFileReference; lastKnownFileType = sourcecode.swift; path = Constants.swift; sourceTree = "<group>"; };
		30F3E2B61F3F2030002AEC99 /* RegisterVC.swift */ = {isa = PBXFileReference; lastKnownFileType = sourcecode.swift; path = RegisterVC.swift; sourceTree = "<group>"; };
		30F3E2B81F3F286A002AEC99 /* SmackBtn.swift */ = {isa = PBXFileReference; lastKnownFileType = sourcecode.swift; path = SmackBtn.swift; sourceTree = "<group>"; };
		30F3E2BA1F3F2ADF002AEC99 /* SmackTextField.swift */ = {isa = PBXFileReference; lastKnownFileType = sourcecode.swift; path = SmackTextField.swift; sourceTree = "<group>"; };
		30F6556B1F3FF6A20050CA60 /* DataService.swift */ = {isa = PBXFileReference; lastKnownFileType = sourcecode.swift; path = DataService.swift; sourceTree = "<group>"; };
		30F655711F3FFB5E0050CA60 /* AvatarCell.swift */ = {isa = PBXFileReference; lastKnownFileType = sourcecode.swift; path = AvatarCell.swift; sourceTree = "<group>"; };
		30F655731F3FFB6F0050CA60 /* ChatCell.swift */ = {isa = PBXFileReference; lastKnownFileType = sourcecode.swift; path = ChatCell.swift; sourceTree = "<group>"; };
		30F655751F3FFC3E0050CA60 /* Avatar.swift */ = {isa = PBXFileReference; lastKnownFileType = sourcecode.swift; path = Avatar.swift; sourceTree = "<group>"; };
		3C09189FA3BBB34B8BF05225 /* Pods-smackUITests.release.xcconfig */ = {isa = PBXFileReference; includeInIndex = 1; lastKnownFileType = text.xcconfig; name = "Pods-smackUITests.release.xcconfig"; path = "Pods/Target Support Files/Pods-smackUITests/Pods-smackUITests.release.xcconfig"; sourceTree = "<group>"; };
		586654493FE2C522E9805BEE /* Pods_smackUITests.framework */ = {isa = PBXFileReference; explicitFileType = wrapper.framework; includeInIndex = 0; path = Pods_smackUITests.framework; sourceTree = BUILT_PRODUCTS_DIR; };
		C018CC60C111897EF5F32FDA /* Pods-smack.debug.xcconfig */ = {isa = PBXFileReference; includeInIndex = 1; lastKnownFileType = text.xcconfig; name = "Pods-smack.debug.xcconfig"; path = "Pods/Target Support Files/Pods-smack/Pods-smack.debug.xcconfig"; sourceTree = "<group>"; };
		C9C279972BEEA19A9F886F30 /* Pods-smackUITests.debug.xcconfig */ = {isa = PBXFileReference; includeInIndex = 1; lastKnownFileType = text.xcconfig; name = "Pods-smackUITests.debug.xcconfig"; path = "Pods/Target Support Files/Pods-smackUITests/Pods-smackUITests.debug.xcconfig"; sourceTree = "<group>"; };
		F5655F44918D001690DDCB34 /* Pods_smackTests.framework */ = {isa = PBXFileReference; explicitFileType = wrapper.framework; includeInIndex = 0; path = Pods_smackTests.framework; sourceTree = BUILT_PRODUCTS_DIR; };
		FC43FD402CB0B948B599F471 /* Pods_smack.framework */ = {isa = PBXFileReference; explicitFileType = wrapper.framework; includeInIndex = 0; path = Pods_smack.framework; sourceTree = BUILT_PRODUCTS_DIR; };
/* End PBXFileReference section */

/* Begin PBXFrameworksBuildPhase section */
		3087B9771F3CB87100E99EC8 /* Frameworks */ = {
			isa = PBXFrameworksBuildPhase;
			buildActionMask = 2147483647;
			files = (
				5DA403F97637599411EDB1CB /* Pods_smack.framework in Frameworks */,
			);
			runOnlyForDeploymentPostprocessing = 0;
		};
		3087B98B1F3CB87100E99EC8 /* Frameworks */ = {
			isa = PBXFrameworksBuildPhase;
			buildActionMask = 2147483647;
			files = (
				C381989DBCC421AD6B3BBE77 /* Pods_smackTests.framework in Frameworks */,
			);
			runOnlyForDeploymentPostprocessing = 0;
		};
		3087B9961F3CB87100E99EC8 /* Frameworks */ = {
			isa = PBXFrameworksBuildPhase;
			buildActionMask = 2147483647;
			files = (
				0C4DE67324DF45CB2A335BBF /* Pods_smackUITests.framework in Frameworks */,
			);
			runOnlyForDeploymentPostprocessing = 0;
		};
/* End PBXFrameworksBuildPhase section */

/* Begin PBXGroup section */
		3087B9711F3CB87100E99EC8 = {
			isa = PBXGroup;
			children = (
				3087B97C1F3CB87100E99EC8 /* smack */,
				3087B9911F3CB87100E99EC8 /* smackTests */,
				3087B99C1F3CB87100E99EC8 /* smackUITests */,
				3087B97B1F3CB87100E99EC8 /* Products */,
				E174CB0B56D8D3E623F1F99B /* Pods */,
				B98B0046FD28F975C8B2DA32 /* Frameworks */,
			);
			sourceTree = "<group>";
		};
		3087B97B1F3CB87100E99EC8 /* Products */ = {
			isa = PBXGroup;
			children = (
				3087B97A1F3CB87100E99EC8 /* smack.app */,
				3087B98E1F3CB87100E99EC8 /* smackTests.xctest */,
				3087B9991F3CB87100E99EC8 /* smackUITests.xctest */,
			);
			name = Products;
			sourceTree = "<group>";
		};
		3087B97C1F3CB87100E99EC8 /* smack */ = {
			isa = PBXGroup;
			children = (
				30F3E2B31F3F1C82002AEC99 /* Utilities */,
				3087B9AE1F3CB91F00E99EC8 /* Controller */,
				3087B9AD1F3CB91C00E99EC8 /* View */,
				3087B9AC1F3CB91800E99EC8 /* Model */,
				30F6556A1F3FF60E0050CA60 /* Services */,
				3087B9AB1F3CB90B00E99EC8 /* Supporting Files */,
				3087B97D1F3CB87100E99EC8 /* AppDelegate.swift */,
				3087B9811F3CB87100E99EC8 /* Main.storyboard */,
				3087B9841F3CB87100E99EC8 /* Assets.xcassets */,
				3087B9861F3CB87100E99EC8 /* LaunchScreen.storyboard */,
				3087B9891F3CB87100E99EC8 /* Info.plist */,
			);
			path = smack;
			sourceTree = "<group>";
		};
		3087B9911F3CB87100E99EC8 /* smackTests */ = {
			isa = PBXGroup;
			children = (
				3087B9921F3CB87100E99EC8 /* smackTests.swift */,
				3087B9941F3CB87100E99EC8 /* Info.plist */,
			);
			path = smackTests;
			sourceTree = "<group>";
		};
		3087B99C1F3CB87100E99EC8 /* smackUITests */ = {
			isa = PBXGroup;
			children = (
				3087B99D1F3CB87100E99EC8 /* smackUITests.swift */,
				3087B99F1F3CB87100E99EC8 /* Info.plist */,
			);
			path = smackUITests;
			sourceTree = "<group>";
		};
		3087B9AB1F3CB90B00E99EC8 /* Supporting Files */ = {
			isa = PBXGroup;
			children = (
				3087B9B01F3CB93600E99EC8 /* SWRevealViewController.h */,
				3087B9B11F3CB93600E99EC8 /* SWRevealViewController.m */,
				3087B9AF1F3CB93500E99EC8 /* smack-Bridging-Header.h */,
			);
			path = "Supporting Files";
			sourceTree = "<group>";
		};
		3087B9AC1F3CB91800E99EC8 /* Model */ = {
			isa = PBXGroup;
			children = (
				30190D7C1F3F484200034DBC /* Channel.swift */,
				30190D7E1F3F484F00034DBC /* Chat.swift */,
				30190D801F3F488F00034DBC /* Account.swift */,
				30F655751F3FFC3E0050CA60 /* Avatar.swift */,
			);
			path = Model;
			sourceTree = "<group>";
		};
		3087B9AD1F3CB91C00E99EC8 /* View */ = {
			isa = PBXGroup;
			children = (
				3087B9B71F3EC93800E99EC8 /* GradientView.swift */,
				30F3E2B81F3F286A002AEC99 /* SmackBtn.swift */,
				30F3E2BA1F3F2ADF002AEC99 /* SmackTextField.swift */,
				30F655711F3FFB5E0050CA60 /* AvatarCell.swift */,
				30F655731F3FFB6F0050CA60 /* ChatCell.swift */,
				30AA895D1F48A3C80042B7DE /* DismissKeyboard.swift */,
			);
			path = View;
			sourceTree = "<group>";
		};
		3087B9AE1F3CB91F00E99EC8 /* Controller */ = {
			isa = PBXGroup;
			children = (
				3087B9B21F3CC3D000E99EC8 /* ChatVC.swift */,
				3087B9B41F3CC3DD00E99EC8 /* ChannelVC.swift */,
				30F3E2B11F3F1886002AEC99 /* LoginVC.swift */,
				30F3E2B61F3F2030002AEC99 /* RegisterVC.swift */,
				30190D821F3F48E900034DBC /* AvatarVC.swift */,
			);
			path = Controller;
			sourceTree = "<group>";
		};
		30F3E2B31F3F1C82002AEC99 /* Utilities */ = {
			isa = PBXGroup;
			children = (
				30F3E2B41F3F1C92002AEC99 /* Constants.swift */,
			);
			path = Utilities;
			sourceTree = "<group>";
		};
		30F6556A1F3FF60E0050CA60 /* Services */ = {
			isa = PBXGroup;
			children = (
				30F6556B1F3FF6A20050CA60 /* DataService.swift */,
				30AA895B1F4875FC0042B7DE /* AuthService.swift */,
			);
			path = Services;
			sourceTree = "<group>";
		};
		B98B0046FD28F975C8B2DA32 /* Frameworks */ = {
			isa = PBXGroup;
			children = (
				FC43FD402CB0B948B599F471 /* Pods_smack.framework */,
				F5655F44918D001690DDCB34 /* Pods_smackTests.framework */,
				586654493FE2C522E9805BEE /* Pods_smackUITests.framework */,
			);
			name = Frameworks;
			sourceTree = "<group>";
		};
		E174CB0B56D8D3E623F1F99B /* Pods */ = {
			isa = PBXGroup;
			children = (
				C018CC60C111897EF5F32FDA /* Pods-smack.debug.xcconfig */,
				225AD5D5EE2ED47E7F87D9B1 /* Pods-smack.release.xcconfig */,
				2237D3A797546A0C15E01F78 /* Pods-smackTests.debug.xcconfig */,
				2D94D86EFB377694461FBEF1 /* Pods-smackTests.release.xcconfig */,
				C9C279972BEEA19A9F886F30 /* Pods-smackUITests.debug.xcconfig */,
				3C09189FA3BBB34B8BF05225 /* Pods-smackUITests.release.xcconfig */,
			);
			name = Pods;
			sourceTree = "<group>";
		};
/* End PBXGroup section */

/* Begin PBXNativeTarget section */
		3087B9791F3CB87100E99EC8 /* smack */ = {
			isa = PBXNativeTarget;
			buildConfigurationList = 3087B9A21F3CB87100E99EC8 /* Build configuration list for PBXNativeTarget "smack" */;
			buildPhases = (
				0A1637399FEA999C59916C9A /* [CP] Check Pods Manifest.lock */,
				3087B9761F3CB87100E99EC8 /* Sources */,
				3087B9771F3CB87100E99EC8 /* Frameworks */,
				3087B9781F3CB87100E99EC8 /* Resources */,
				F3E52225E0418D73B214BE1B /* [CP] Embed Pods Frameworks */,
				338002350285DE2A44B74F94 /* [CP] Copy Pods Resources */,
			);
			buildRules = (
			);
			dependencies = (
			);
			name = smack;
			productName = smack;
			productReference = 3087B97A1F3CB87100E99EC8 /* smack.app */;
			productType = "com.apple.product-type.application";
		};
		3087B98D1F3CB87100E99EC8 /* smackTests */ = {
			isa = PBXNativeTarget;
			buildConfigurationList = 3087B9A51F3CB87100E99EC8 /* Build configuration list for PBXNativeTarget "smackTests" */;
			buildPhases = (
				293A374280CE599B9130D64B /* [CP] Check Pods Manifest.lock */,
				3087B98A1F3CB87100E99EC8 /* Sources */,
				3087B98B1F3CB87100E99EC8 /* Frameworks */,
				3087B98C1F3CB87100E99EC8 /* Resources */,
				7BB3ADFDAF818A7E066C69FB /* [CP] Embed Pods Frameworks */,
				BF48B0D58B0FAD6F803EE93B /* [CP] Copy Pods Resources */,
			);
			buildRules = (
			);
			dependencies = (
				3087B9901F3CB87100E99EC8 /* PBXTargetDependency */,
			);
			name = smackTests;
			productName = smackTests;
			productReference = 3087B98E1F3CB87100E99EC8 /* smackTests.xctest */;
			productType = "com.apple.product-type.bundle.unit-test";
		};
		3087B9981F3CB87100E99EC8 /* smackUITests */ = {
			isa = PBXNativeTarget;
			buildConfigurationList = 3087B9A81F3CB87100E99EC8 /* Build configuration list for PBXNativeTarget "smackUITests" */;
			buildPhases = (
				7CFFD6EB663DCBBE7EEF1EDE /* [CP] Check Pods Manifest.lock */,
				3087B9951F3CB87100E99EC8 /* Sources */,
				3087B9961F3CB87100E99EC8 /* Frameworks */,
				3087B9971F3CB87100E99EC8 /* Resources */,
				1A5CADFD5F74266129A8DF61 /* [CP] Embed Pods Frameworks */,
				A469D986E8BE351E8E22A7B8 /* [CP] Copy Pods Resources */,
			);
			buildRules = (
			);
			dependencies = (
				3087B99B1F3CB87100E99EC8 /* PBXTargetDependency */,
			);
			name = smackUITests;
			productName = smackUITests;
			productReference = 3087B9991F3CB87100E99EC8 /* smackUITests.xctest */;
			productType = "com.apple.product-type.bundle.ui-testing";
		};
/* End PBXNativeTarget section */

/* Begin PBXProject section */
		3087B9721F3CB87100E99EC8 /* Project object */ = {
			isa = PBXProject;
			attributes = {
				LastSwiftUpdateCheck = 0900;
				LastUpgradeCheck = 0900;
				ORGANIZATIONNAME = "Inno Ideas";
				TargetAttributes = {
					3087B9791F3CB87100E99EC8 = {
						CreatedOnToolsVersion = 9.0;
						LastSwiftMigration = 0900;
					};
					3087B98D1F3CB87100E99EC8 = {
						CreatedOnToolsVersion = 9.0;
						TestTargetID = 3087B9791F3CB87100E99EC8;
					};
					3087B9981F3CB87100E99EC8 = {
						CreatedOnToolsVersion = 9.0;
						TestTargetID = 3087B9791F3CB87100E99EC8;
					};
				};
			};
			buildConfigurationList = 3087B9751F3CB87100E99EC8 /* Build configuration list for PBXProject "smack" */;
			compatibilityVersion = "Xcode 8.0";
			developmentRegion = en;
			hasScannedForEncodings = 0;
			knownRegions = (
				en,
				Base,
			);
			mainGroup = 3087B9711F3CB87100E99EC8;
			productRefGroup = 3087B97B1F3CB87100E99EC8 /* Products */;
			projectDirPath = "";
			projectRoot = "";
			targets = (
				3087B9791F3CB87100E99EC8 /* smack */,
				3087B98D1F3CB87100E99EC8 /* smackTests */,
				3087B9981F3CB87100E99EC8 /* smackUITests */,
			);
		};
/* End PBXProject section */

/* Begin PBXResourcesBuildPhase section */
		3087B9781F3CB87100E99EC8 /* Resources */ = {
			isa = PBXResourcesBuildPhase;
			buildActionMask = 2147483647;
			files = (
				3087B9881F3CB87100E99EC8 /* LaunchScreen.storyboard in Resources */,
				3087B9851F3CB87100E99EC8 /* Assets.xcassets in Resources */,
				3087B9831F3CB87100E99EC8 /* Main.storyboard in Resources */,
			);
			runOnlyForDeploymentPostprocessing = 0;
		};
		3087B98C1F3CB87100E99EC8 /* Resources */ = {
			isa = PBXResourcesBuildPhase;
			buildActionMask = 2147483647;
			files = (
			);
			runOnlyForDeploymentPostprocessing = 0;
		};
		3087B9971F3CB87100E99EC8 /* Resources */ = {
			isa = PBXResourcesBuildPhase;
			buildActionMask = 2147483647;
			files = (
			);
			runOnlyForDeploymentPostprocessing = 0;
		};
/* End PBXResourcesBuildPhase section */

/* Begin PBXShellScriptBuildPhase section */
		0A1637399FEA999C59916C9A /* [CP] Check Pods Manifest.lock */ = {
			isa = PBXShellScriptBuildPhase;
			buildActionMask = 2147483647;
			files = (
			);
			inputPaths = (
			);
			name = "[CP] Check Pods Manifest.lock";
			outputPaths = (
			);
			runOnlyForDeploymentPostprocessing = 0;
			shellPath = /bin/sh;
			shellScript = "diff \"${PODS_ROOT}/../Podfile.lock\" \"${PODS_ROOT}/Manifest.lock\" > /dev/null\nif [ $? != 0 ] ; then\n    # print error to STDERR\n    echo \"error: The sandbox is not in sync with the Podfile.lock. Run 'pod install' or update your CocoaPods installation.\" >&2\n    exit 1\nfi\n";
			showEnvVarsInLog = 0;
		};
		1A5CADFD5F74266129A8DF61 /* [CP] Embed Pods Frameworks */ = {
			isa = PBXShellScriptBuildPhase;
			buildActionMask = 2147483647;
			files = (
			);
			inputPaths = (
			);
			name = "[CP] Embed Pods Frameworks";
			outputPaths = (
			);
			runOnlyForDeploymentPostprocessing = 0;
			shellPath = /bin/sh;
			shellScript = "\"${SRCROOT}/Pods/Target Support Files/Pods-smackUITests/Pods-smackUITests-frameworks.sh\"\n";
			showEnvVarsInLog = 0;
		};
		293A374280CE599B9130D64B /* [CP] Check Pods Manifest.lock */ = {
			isa = PBXShellScriptBuildPhase;
			buildActionMask = 2147483647;
			files = (
			);
			inputPaths = (
			);
			name = "[CP] Check Pods Manifest.lock";
			outputPaths = (
			);
			runOnlyForDeploymentPostprocessing = 0;
			shellPath = /bin/sh;
			shellScript = "diff \"${PODS_ROOT}/../Podfile.lock\" \"${PODS_ROOT}/Manifest.lock\" > /dev/null\nif [ $? != 0 ] ; then\n    # print error to STDERR\n    echo \"error: The sandbox is not in sync with the Podfile.lock. Run 'pod install' or update your CocoaPods installation.\" >&2\n    exit 1\nfi\n";
			showEnvVarsInLog = 0;
		};
		338002350285DE2A44B74F94 /* [CP] Copy Pods Resources */ = {
			isa = PBXShellScriptBuildPhase;
			buildActionMask = 2147483647;
			files = (
			);
			inputPaths = (
			);
			name = "[CP] Copy Pods Resources";
			outputPaths = (
			);
			runOnlyForDeploymentPostprocessing = 0;
			shellPath = /bin/sh;
			shellScript = "\"${SRCROOT}/Pods/Target Support Files/Pods-smack/Pods-smack-resources.sh\"\n";
			showEnvVarsInLog = 0;
		};
		7BB3ADFDAF818A7E066C69FB /* [CP] Embed Pods Frameworks */ = {
			isa = PBXShellScriptBuildPhase;
			buildActionMask = 2147483647;
			files = (
			);
			inputPaths = (
			);
			name = "[CP] Embed Pods Frameworks";
			outputPaths = (
			);
			runOnlyForDeploymentPostprocessing = 0;
			shellPath = /bin/sh;
			shellScript = "\"${SRCROOT}/Pods/Target Support Files/Pods-smackTests/Pods-smackTests-frameworks.sh\"\n";
			showEnvVarsInLog = 0;
		};
		7CFFD6EB663DCBBE7EEF1EDE /* [CP] Check Pods Manifest.lock */ = {
			isa = PBXShellScriptBuildPhase;
			buildActionMask = 2147483647;
			files = (
			);
			inputPaths = (
			);
			name = "[CP] Check Pods Manifest.lock";
			outputPaths = (
			);
			runOnlyForDeploymentPostprocessing = 0;
			shellPath = /bin/sh;
			shellScript = "diff \"${PODS_ROOT}/../Podfile.lock\" \"${PODS_ROOT}/Manifest.lock\" > /dev/null\nif [ $? != 0 ] ; then\n    # print error to STDERR\n    echo \"error: The sandbox is not in sync with the Podfile.lock. Run 'pod install' or update your CocoaPods installation.\" >&2\n    exit 1\nfi\n";
			showEnvVarsInLog = 0;
		};
		A469D986E8BE351E8E22A7B8 /* [CP] Copy Pods Resources */ = {
			isa = PBXShellScriptBuildPhase;
			buildActionMask = 2147483647;
			files = (
			);
			inputPaths = (
			);
			name = "[CP] Copy Pods Resources";
			outputPaths = (
			);
			runOnlyForDeploymentPostprocessing = 0;
			shellPath = /bin/sh;
			shellScript = "\"${SRCROOT}/Pods/Target Support Files/Pods-smackUITests/Pods-smackUITests-resources.sh\"\n";
			showEnvVarsInLog = 0;
		};
		BF48B0D58B0FAD6F803EE93B /* [CP] Copy Pods Resources */ = {
			isa = PBXShellScriptBuildPhase;
			buildActionMask = 2147483647;
			files = (
			);
			inputPaths = (
			);
			name = "[CP] Copy Pods Resources";
			outputPaths = (
			);
			runOnlyForDeploymentPostprocessing = 0;
			shellPath = /bin/sh;
			shellScript = "\"${SRCROOT}/Pods/Target Support Files/Pods-smackTests/Pods-smackTests-resources.sh\"\n";
			showEnvVarsInLog = 0;
		};
		F3E52225E0418D73B214BE1B /* [CP] Embed Pods Frameworks */ = {
			isa = PBXShellScriptBuildPhase;
			buildActionMask = 2147483647;
			files = (
			);
			inputPaths = (
			);
			name = "[CP] Embed Pods Frameworks";
			outputPaths = (
			);
			runOnlyForDeploymentPostprocessing = 0;
			shellPath = /bin/sh;
			shellScript = "\"${SRCROOT}/Pods/Target Support Files/Pods-smack/Pods-smack-frameworks.sh\"\n";
			showEnvVarsInLog = 0;
		};
/* End PBXShellScriptBuildPhase section */

/* Begin PBXSourcesBuildPhase section */
		3087B9761F3CB87100E99EC8 /* Sources */ = {
			isa = PBXSourcesBuildPhase;
			buildActionMask = 2147483647;
			files = (
				3087B9B31F3CC3D000E99EC8 /* ChatVC.swift in Sources */,
				30190D811F3F488F00034DBC /* Account.swift in Sources */,
				30190D7F1F3F484F00034DBC /* Chat.swift in Sources */,
				30F655741F3FFB6F0050CA60 /* ChatCell.swift in Sources */,
				30F3E2B71F3F2030002AEC99 /* RegisterVC.swift in Sources */,
				30190D7D1F3F484200034DBC /* Channel.swift in Sources */,
				30AA895C1F4875FC0042B7DE /* AuthService.swift in Sources */,
				30F3E2B91F3F286A002AEC99 /* SmackBtn.swift in Sources */,
				3087B9B51F3CC3DD00E99EC8 /* ChannelVC.swift in Sources */,
				30AA895E1F48A3C80042B7DE /* DismissKeyboard.swift in Sources */,
				30F3E2B21F3F1886002AEC99 /* LoginVC.swift in Sources */,
				3087B9B81F3EC93800E99EC8 /* GradientView.swift in Sources */,
				30F6556C1F3FF6A20050CA60 /* DataService.swift in Sources */,
				30F655721F3FFB5E0050CA60 /* AvatarCell.swift in Sources */,
				30F655761F3FFC3E0050CA60 /* Avatar.swift in Sources */,
				30190D831F3F48E900034DBC /* AvatarVC.swift in Sources */,
				30F3E2B51F3F1C92002AEC99 /* Constants.swift in Sources */,
				3087B97E1F3CB87100E99EC8 /* AppDelegate.swift in Sources */,
				3087B9B61F3EBAEC00E99EC8 /* SWRevealViewController.m in Sources */,
				30F3E2BB1F3F2ADF002AEC99 /* SmackTextField.swift in Sources */,
			);
			runOnlyForDeploymentPostprocessing = 0;
		};
		3087B98A1F3CB87100E99EC8 /* Sources */ = {
			isa = PBXSourcesBuildPhase;
			buildActionMask = 2147483647;
			files = (
				3087B9931F3CB87100E99EC8 /* smackTests.swift in Sources */,
			);
			runOnlyForDeploymentPostprocessing = 0;
		};
		3087B9951F3CB87100E99EC8 /* Sources */ = {
			isa = PBXSourcesBuildPhase;
			buildActionMask = 2147483647;
			files = (
				3087B99E1F3CB87100E99EC8 /* smackUITests.swift in Sources */,
			);
			runOnlyForDeploymentPostprocessing = 0;
		};
/* End PBXSourcesBuildPhase section */

/* Begin PBXTargetDependency section */
		3087B9901F3CB87100E99EC8 /* PBXTargetDependency */ = {
			isa = PBXTargetDependency;
			target = 3087B9791F3CB87100E99EC8 /* smack */;
			targetProxy = 3087B98F1F3CB87100E99EC8 /* PBXContainerItemProxy */;
		};
		3087B99B1F3CB87100E99EC8 /* PBXTargetDependency */ = {
			isa = PBXTargetDependency;
			target = 3087B9791F3CB87100E99EC8 /* smack */;
			targetProxy = 3087B99A1F3CB87100E99EC8 /* PBXContainerItemProxy */;
		};
/* End PBXTargetDependency section */

/* Begin PBXVariantGroup section */
		3087B9811F3CB87100E99EC8 /* Main.storyboard */ = {
			isa = PBXVariantGroup;
			children = (
				3087B9821F3CB87100E99EC8 /* Base */,
			);
			name = Main.storyboard;
			sourceTree = "<group>";
		};
		3087B9861F3CB87100E99EC8 /* LaunchScreen.storyboard */ = {
			isa = PBXVariantGroup;
			children = (
				3087B9871F3CB87100E99EC8 /* Base */,
			);
			name = LaunchScreen.storyboard;
			sourceTree = "<group>";
		};
/* End PBXVariantGroup section */

/* Begin XCBuildConfiguration section */
		3087B9A01F3CB87100E99EC8 /* Debug */ = {
			isa = XCBuildConfiguration;
			buildSettings = {
				ALWAYS_SEARCH_USER_PATHS = NO;
				CLANG_ANALYZER_NONNULL = YES;
				CLANG_ANALYZER_NUMBER_OBJECT_CONVERSION = YES_AGGRESSIVE;
				CLANG_CXX_LANGUAGE_STANDARD = "gnu++14";
				CLANG_CXX_LIBRARY = "libc++";
				CLANG_ENABLE_MODULES = YES;
				CLANG_ENABLE_OBJC_ARC = YES;
				CLANG_WARN_BLOCK_CAPTURE_AUTORELEASING = YES;
				CLANG_WARN_BOOL_CONVERSION = YES;
				CLANG_WARN_COMMA = YES;
				CLANG_WARN_CONSTANT_CONVERSION = YES;
				CLANG_WARN_DIRECT_OBJC_ISA_USAGE = YES_ERROR;
				CLANG_WARN_DOCUMENTATION_COMMENTS = YES;
				CLANG_WARN_EMPTY_BODY = YES;
				CLANG_WARN_ENUM_CONVERSION = YES;
				CLANG_WARN_INFINITE_RECURSION = YES;
				CLANG_WARN_INT_CONVERSION = YES;
				CLANG_WARN_NON_LITERAL_NULL_CONVERSION = YES;
				CLANG_WARN_OBJC_LITERAL_CONVERSION = YES;
				CLANG_WARN_OBJC_ROOT_CLASS = YES_ERROR;
				CLANG_WARN_RANGE_LOOP_ANALYSIS = YES;
				CLANG_WARN_STRICT_PROTOTYPES = YES;
				CLANG_WARN_SUSPICIOUS_MOVE = YES;
				CLANG_WARN_UNGUARDED_AVAILABILITY = YES_AGGRESSIVE;
				CLANG_WARN_UNREACHABLE_CODE = YES;
				CLANG_WARN__DUPLICATE_METHOD_MATCH = YES;
				CODE_SIGN_IDENTITY = "iPhone Developer";
				COPY_PHASE_STRIP = NO;
				DEBUG_INFORMATION_FORMAT = dwarf;
				ENABLE_STRICT_OBJC_MSGSEND = YES;
				ENABLE_TESTABILITY = YES;
				GCC_C_LANGUAGE_STANDARD = gnu11;
				GCC_DYNAMIC_NO_PIC = NO;
				GCC_NO_COMMON_BLOCKS = YES;
				GCC_OPTIMIZATION_LEVEL = 0;
				GCC_PREPROCESSOR_DEFINITIONS = (
					"DEBUG=1",
					"$(inherited)",
				);
				GCC_WARN_64_TO_32_BIT_CONVERSION = YES;
				GCC_WARN_ABOUT_RETURN_TYPE = YES_ERROR;
				GCC_WARN_UNDECLARED_SELECTOR = YES;
				GCC_WARN_UNINITIALIZED_AUTOS = YES_AGGRESSIVE;
				GCC_WARN_UNUSED_FUNCTION = YES;
				GCC_WARN_UNUSED_VARIABLE = YES;
				IPHONEOS_DEPLOYMENT_TARGET = 11.0;
				MTL_ENABLE_DEBUG_INFO = YES;
				ONLY_ACTIVE_ARCH = YES;
				SDKROOT = iphoneos;
				SWIFT_ACTIVE_COMPILATION_CONDITIONS = DEBUG;
				SWIFT_OPTIMIZATION_LEVEL = "-Onone";
			};
			name = Debug;
		};
		3087B9A11F3CB87100E99EC8 /* Release */ = {
			isa = XCBuildConfiguration;
			buildSettings = {
				ALWAYS_SEARCH_USER_PATHS = NO;
				CLANG_ANALYZER_NONNULL = YES;
				CLANG_ANALYZER_NUMBER_OBJECT_CONVERSION = YES_AGGRESSIVE;
				CLANG_CXX_LANGUAGE_STANDARD = "gnu++14";
				CLANG_CXX_LIBRARY = "libc++";
				CLANG_ENABLE_MODULES = YES;
				CLANG_ENABLE_OBJC_ARC = YES;
				CLANG_WARN_BLOCK_CAPTURE_AUTORELEASING = YES;
				CLANG_WARN_BOOL_CONVERSION = YES;
				CLANG_WARN_COMMA = YES;
				CLANG_WARN_CONSTANT_CONVERSION = YES;
				CLANG_WARN_DIRECT_OBJC_ISA_USAGE = YES_ERROR;
				CLANG_WARN_DOCUMENTATION_COMMENTS = YES;
				CLANG_WARN_EMPTY_BODY = YES;
				CLANG_WARN_ENUM_CONVERSION = YES;
				CLANG_WARN_INFINITE_RECURSION = YES;
				CLANG_WARN_INT_CONVERSION = YES;
				CLANG_WARN_NON_LITERAL_NULL_CONVERSION = YES;
				CLANG_WARN_OBJC_LITERAL_CONVERSION = YES;
				CLANG_WARN_OBJC_ROOT_CLASS = YES_ERROR;
				CLANG_WARN_RANGE_LOOP_ANALYSIS = YES;
				CLANG_WARN_STRICT_PROTOTYPES = YES;
				CLANG_WARN_SUSPICIOUS_MOVE = YES;
				CLANG_WARN_UNGUARDED_AVAILABILITY = YES_AGGRESSIVE;
				CLANG_WARN_UNREACHABLE_CODE = YES;
				CLANG_WARN__DUPLICATE_METHOD_MATCH = YES;
				CODE_SIGN_IDENTITY = "iPhone Developer";
				COPY_PHASE_STRIP = NO;
				DEBUG_INFORMATION_FORMAT = "dwarf-with-dsym";
				ENABLE_NS_ASSERTIONS = NO;
				ENABLE_STRICT_OBJC_MSGSEND = YES;
				GCC_C_LANGUAGE_STANDARD = gnu11;
				GCC_NO_COMMON_BLOCKS = YES;
				GCC_WARN_64_TO_32_BIT_CONVERSION = YES;
				GCC_WARN_ABOUT_RETURN_TYPE = YES_ERROR;
				GCC_WARN_UNDECLARED_SELECTOR = YES;
				GCC_WARN_UNINITIALIZED_AUTOS = YES_AGGRESSIVE;
				GCC_WARN_UNUSED_FUNCTION = YES;
				GCC_WARN_UNUSED_VARIABLE = YES;
				IPHONEOS_DEPLOYMENT_TARGET = 11.0;
				MTL_ENABLE_DEBUG_INFO = NO;
				SDKROOT = iphoneos;
				SWIFT_OPTIMIZATION_LEVEL = "-Owholemodule";
				VALIDATE_PRODUCT = YES;
			};
			name = Release;
		};
		3087B9A31F3CB87100E99EC8 /* Debug */ = {
			isa = XCBuildConfiguration;
			baseConfigurationReference = C018CC60C111897EF5F32FDA /* Pods-smack.debug.xcconfig */;
			buildSettings = {
				ASSETCATALOG_COMPILER_APPICON_NAME = AppIcon;
				CLANG_ENABLE_MODULES = YES;
				DEVELOPMENT_TEAM = 7D788GH7RF;
				INFOPLIST_FILE = smack/Info.plist;
				IPHONEOS_DEPLOYMENT_TARGET = 11.0;
				LD_RUNPATH_SEARCH_PATHS = "$(inherited) @executable_path/Frameworks";
				PRODUCT_BUNDLE_IDENTIFIER = com.innoideas.smack;
				PRODUCT_NAME = "$(TARGET_NAME)";
				SWIFT_OBJC_BRIDGING_HEADER = "smack/Supporting Files/smack-Bridging-Header.h";
				SWIFT_OPTIMIZATION_LEVEL = "-Onone";
				SWIFT_VERSION = 4.0;
				TARGETED_DEVICE_FAMILY = "1,2";
			};
			name = Debug;
		};
		3087B9A41F3CB87100E99EC8 /* Release */ = {
			isa = XCBuildConfiguration;
			baseConfigurationReference = 225AD5D5EE2ED47E7F87D9B1 /* Pods-smack.release.xcconfig */;
			buildSettings = {
				ASSETCATALOG_COMPILER_APPICON_NAME = AppIcon;
				CLANG_ENABLE_MODULES = YES;
				DEVELOPMENT_TEAM = 7D788GH7RF;
				INFOPLIST_FILE = smack/Info.plist;
				IPHONEOS_DEPLOYMENT_TARGET = 11.0;
				LD_RUNPATH_SEARCH_PATHS = "$(inherited) @executable_path/Frameworks";
				PRODUCT_BUNDLE_IDENTIFIER = com.innoideas.smack;
				PRODUCT_NAME = "$(TARGET_NAME)";
				SWIFT_OBJC_BRIDGING_HEADER = "smack/Supporting Files/smack-Bridging-Header.h";
				SWIFT_VERSION = 4.0;
				TARGETED_DEVICE_FAMILY = "1,2";
			};
			name = Release;
		};
		3087B9A61F3CB87100E99EC8 /* Debug */ = {
			isa = XCBuildConfiguration;
			baseConfigurationReference = 2237D3A797546A0C15E01F78 /* Pods-smackTests.debug.xcconfig */;
			buildSettings = {
				ALWAYS_EMBED_SWIFT_STANDARD_LIBRARIES = YES;
				BUNDLE_LOADER = "$(TEST_HOST)";
				DEVELOPMENT_TEAM = 7D788GH7RF;
				INFOPLIST_FILE = smackTests/Info.plist;
				LD_RUNPATH_SEARCH_PATHS = "$(inherited) @executable_path/Frameworks @loader_path/Frameworks";
				PRODUCT_BUNDLE_IDENTIFIER = com.innoideas.smackTests;
				PRODUCT_NAME = "$(TARGET_NAME)";
				SWIFT_VERSION = 4.0;
				TARGETED_DEVICE_FAMILY = "1,2";
				TEST_HOST = "$(BUILT_PRODUCTS_DIR)/smack.app/smack";
			};
			name = Debug;
		};
		3087B9A71F3CB87100E99EC8 /* Release */ = {
			isa = XCBuildConfiguration;
			baseConfigurationReference = 2D94D86EFB377694461FBEF1 /* Pods-smackTests.release.xcconfig */;
			buildSettings = {
				ALWAYS_EMBED_SWIFT_STANDARD_LIBRARIES = YES;
				BUNDLE_LOADER = "$(TEST_HOST)";
				DEVELOPMENT_TEAM = 7D788GH7RF;
				INFOPLIST_FILE = smackTests/Info.plist;
				LD_RUNPATH_SEARCH_PATHS = "$(inherited) @executable_path/Frameworks @loader_path/Frameworks";
				PRODUCT_BUNDLE_IDENTIFIER = com.innoideas.smackTests;
				PRODUCT_NAME = "$(TARGET_NAME)";
				SWIFT_VERSION = 4.0;
				TARGETED_DEVICE_FAMILY = "1,2";
				TEST_HOST = "$(BUILT_PRODUCTS_DIR)/smack.app/smack";
			};
			name = Release;
		};
		3087B9A91F3CB87100E99EC8 /* Debug */ = {
			isa = XCBuildConfiguration;
			baseConfigurationReference = C9C279972BEEA19A9F886F30 /* Pods-smackUITests.debug.xcconfig */;
			buildSettings = {
				ALWAYS_EMBED_SWIFT_STANDARD_LIBRARIES = YES;
				DEVELOPMENT_TEAM = 7D788GH7RF;
				INFOPLIST_FILE = smackUITests/Info.plist;
				LD_RUNPATH_SEARCH_PATHS = "$(inherited) @executable_path/Frameworks @loader_path/Frameworks";
				PRODUCT_BUNDLE_IDENTIFIER = com.innoideas.smackUITests;
				PRODUCT_NAME = "$(TARGET_NAME)";
				SWIFT_VERSION = 4.0;
				TARGETED_DEVICE_FAMILY = "1,2";
				TEST_TARGET_NAME = smack;
			};
			name = Debug;
		};
		3087B9AA1F3CB87100E99EC8 /* Release */ = {
			isa = XCBuildConfiguration;
			baseConfigurationReference = 3C09189FA3BBB34B8BF05225 /* Pods-smackUITests.release.xcconfig */;
			buildSettings = {
				ALWAYS_EMBED_SWIFT_STANDARD_LIBRARIES = YES;
				DEVELOPMENT_TEAM = 7D788GH7RF;
				INFOPLIST_FILE = smackUITests/Info.plist;
				LD_RUNPATH_SEARCH_PATHS = "$(inherited) @executable_path/Frameworks @loader_path/Frameworks";
				PRODUCT_BUNDLE_IDENTIFIER = com.innoideas.smackUITests;
				PRODUCT_NAME = "$(TARGET_NAME)";
				SWIFT_VERSION = 4.0;
				TARGETED_DEVICE_FAMILY = "1,2";
				TEST_TARGET_NAME = smack;
			};
			name = Release;
		};
/* End XCBuildConfiguration section */

/* Begin XCConfigurationList section */
		3087B9751F3CB87100E99EC8 /* Build configuration list for PBXProject "smack" */ = {
			isa = XCConfigurationList;
			buildConfigurations = (
				3087B9A01F3CB87100E99EC8 /* Debug */,
				3087B9A11F3CB87100E99EC8 /* Release */,
			);
			defaultConfigurationIsVisible = 0;
			defaultConfigurationName = Release;
		};
		3087B9A21F3CB87100E99EC8 /* Build configuration list for PBXNativeTarget "smack" */ = {
			isa = XCConfigurationList;
			buildConfigurations = (
				3087B9A31F3CB87100E99EC8 /* Debug */,
				3087B9A41F3CB87100E99EC8 /* Release */,
			);
			defaultConfigurationIsVisible = 0;
			defaultConfigurationName = Release;
		};
		3087B9A51F3CB87100E99EC8 /* Build configuration list for PBXNativeTarget "smackTests" */ = {
			isa = XCConfigurationList;
			buildConfigurations = (
				3087B9A61F3CB87100E99EC8 /* Debug */,
				3087B9A71F3CB87100E99EC8 /* Release */,
			);
			defaultConfigurationIsVisible = 0;
			defaultConfigurationName = Release;
		};
		3087B9A81F3CB87100E99EC8 /* Build configuration list for PBXNativeTarget "smackUITests" */ = {
			isa = XCConfigurationList;
			buildConfigurations = (
				3087B9A91F3CB87100E99EC8 /* Debug */,
				3087B9AA1F3CB87100E99EC8 /* Release */,
			);
			defaultConfigurationIsVisible = 0;
			defaultConfigurationName = Release;
		};
/* End XCConfigurationList section */
	};
	rootObject = 3087B9721F3CB87100E99EC8 /* Project object */;
}
